github.com/aclements/go-z3 v0.0.0-20220809013456-4675d5f90ca5 h1:A27FEXOK2zSHuCwXwmPIKfrHcT+caybRGb1kaW4KOBI=
github.com/aclements/go-z3 v0.0.0-20220809013456-4675d5f90ca5/go.mod h1:Dcqk4DTCIWIVv0jiFnYg5nnTIOWZ3JgU/mYjb5puA1s=
github.com/enescakir/emoji v1.0.0 h1:W+HsNql8swfCQFtioDGDHCHri8nudlK1n5p2rHCJoog=
github.com/enescakir/emoji v1.0.0/go.mod h1:Bt1EKuLnKDTYpLALApstIkAjdDrS/8IAgTkKp+WKFD0=
